
Microsoft Visual Studio Solution File, Format Version 12.00
# Visual Studio 15
VisualStudioVersion = 15.0.28307.106
MinimumVisualStudioVersion = 10.0.40219.1
Project("{FAE04EC0-301F-11D3-BF4B-00C04F79EFBC}") = "SeverTracNghiem", "SeverTracNghiem\SeverTracNghiem.csproj", "{C3EB0CD7-9F12-4865-BFC2-A13BC0649BC4}"
EndProject
Global
	GlobalSection(SolutionConfigurationPlatforms) = preSolution
		Debug|Any CPU = Debug|Any CPU
		Release|Any CPU = Release|Any CPU
	EndGlobalSection
	GlobalSection(ProjectConfigurationPlatforms) = postSolution
		{C3EB0CD7-9F12-4865-BFC2-A13BC0649BC4}.Debug|Any CPU.ActiveCfg = Debug|Any CPU
		{C3EB0CD7-9F12-4865-BFC2-A13BC0649BC4}.Debug|Any CPU.Build.0 = Debug|Any CPU
		{C3EB0CD7-9F12-4865-BFC2-A13BC0649BC4}.Release|Any CPU.ActiveCfg = Release|Any CPU
		{C3EB0CD7-9F12-4865-BFC2-A13BC0649BC4}.Release|Any CPU.Build.0 = Release|Any CPU
	EndGlobalSection
	GlobalSection(SolutionProperties) = preSolution
		HideSolutionNode = FALSE
	EndGlobalSection
	GlobalSection(ExtensibilityGlobals) = postSolution
		SolutionGuid = {21B963FC-4E5F-45B0-89B6-15218DA3BDF1}
	EndGlobalSection
EndGlobal
